
Microsoft Visual Studio Solution File, Format Version 12.00
# Visual Studio Version 16
VisualStudioVersion = 16.0.32630.194
MinimumVisualStudioVersion = 10.0.40219.1
Project("{FAE04EC0-301F-11D3-BF4B-00C04F79EFBC}") = "Restaurant_Application", "Restaurant_Application.csproj", "{B859A96B-5B93-4678-BFD7-2A08E08879AB}"
EndProject
Global
	GlobalSection(SolutionConfigurationPlatforms) = preSolution
		Debug|Any CPU = Debug|Any CPU
		Release|Any CPU = Release|Any CPU
	EndGlobalSection
	GlobalSection(ProjectConfigurationPlatforms) = postSolution
		{B859A96B-5B93-4678-BFD7-2A08E08879AB}.Debug|Any CPU.ActiveCfg = Debug|Any CPU
		{B859A96B-5B93-4678-BFD7-2A08E08879AB}.Debug|Any CPU.Build.0 = Debug|Any CPU
		{B859A96B-5B93-4678-BFD7-2A08E08879AB}.Release|Any CPU.ActiveCfg = Release|Any CPU
		{B859A96B-5B93-4678-BFD7-2A08E08879AB}.Release|Any CPU.Build.0 = Release|Any CPU
	EndGlobalSection
	GlobalSection(SolutionProperties) = preSolution
		HideSolutionNode = FALSE
	EndGlobalSection
	GlobalSection(ExtensibilityGlobals) = postSolution
		SolutionGuid = {A2E5682C-9B61-45F5-AC34-4ADEAAEFD6BB}
	EndGlobalSection
EndGlobal
